
Microsoft Visual Studio Solution File, Format Version 12.00
# Visual Studio 15
Project("{FAE04EC0-301F-11D3-BF4B-00C04F79EFBC}") = "ConeMeshAssembly", "ConeMeshAssembly.csproj", "{E45423C4-2E22-C6AE-DA25-51618C2FCC30}"
EndProject
Project("{FAE04EC0-301F-11D3-BF4B-00C04F79EFBC}") = "Assembly-CSharp", "Assembly-CSharp.csproj", "{1390EF1C-48F7-6C1A-4F33-D83284839E58}"
EndProject
Project("{FAE04EC0-301F-11D3-BF4B-00C04F79EFBC}") = "ConeMeshEditorAssembly", "ConeMeshEditorAssembly.csproj", "{FEF856FE-C0F2-6F58-E6A2-C2E651B58525}"
EndProject
Global
	GlobalSection(SolutionConfigurationPlatforms) = preSolution
		Debug|Any CPU = Debug|Any CPU
		Release|Any CPU = Release|Any CPU
	EndGlobalSection
	GlobalSection(ProjectConfigurationPlatforms) = postSolution
		{E45423C4-2E22-C6AE-DA25-51618C2FCC30}.Debug|Any CPU.ActiveCfg = Debug|Any CPU
		{E45423C4-2E22-C6AE-DA25-51618C2FCC30}.Debug|Any CPU.Build.0 = Debug|Any CPU
		{E45423C4-2E22-C6AE-DA25-51618C2FCC30}.Release|Any CPU.ActiveCfg = Release|Any CPU
		{E45423C4-2E22-C6AE-DA25-51618C2FCC30}.Release|Any CPU.Build.0 = Release|Any CPU
		{1390EF1C-48F7-6C1A-4F33-D83284839E58}.Debug|Any CPU.ActiveCfg = Debug|Any CPU
		{1390EF1C-48F7-6C1A-4F33-D83284839E58}.Debug|Any CPU.Build.0 = Debug|Any CPU
		{1390EF1C-48F7-6C1A-4F33-D83284839E58}.Release|Any CPU.ActiveCfg = Release|Any CPU
		{1390EF1C-48F7-6C1A-4F33-D83284839E58}.Release|Any CPU.Build.0 = Release|Any CPU
		{FEF856FE-C0F2-6F58-E6A2-C2E651B58525}.Debug|Any CPU.ActiveCfg = Debug|Any CPU
		{FEF856FE-C0F2-6F58-E6A2-C2E651B58525}.Debug|Any CPU.Build.0 = Debug|Any CPU
		{FEF856FE-C0F2-6F58-E6A2-C2E651B58525}.Release|Any CPU.ActiveCfg = Release|Any CPU
		{FEF856FE-C0F2-6F58-E6A2-C2E651B58525}.Release|Any CPU.Build.0 = Release|Any CPU
	EndGlobalSection
	GlobalSection(SolutionProperties) = preSolution
		HideSolutionNode = FALSE
	EndGlobalSection
EndGlobal
